
Microsoft Visual Studio Solution File, Format Version 12.00
# Visual Studio Version 17
VisualStudioVersion = 17.0.31919.166
MinimumVisualStudioVersion = 10.0.40219.1
Project("{FAE04EC0-301F-11D3-BF4B-00C04F79EFBC}") = "AgenciaSemStress", "AgenciaSemStress\AgenciaSemStress.csproj", "{A23AD31B-947C-4206-97CC-B8FBFB52CC3B}"
EndProject
Global
	GlobalSection(SolutionConfigurationPlatforms) = preSolution
		Debug|Any CPU = Debug|Any CPU
		Release|Any CPU = Release|Any CPU
	EndGlobalSection
	GlobalSection(ProjectConfigurationPlatforms) = postSolution
		{A23AD31B-947C-4206-97CC-B8FBFB52CC3B}.Debug|Any CPU.ActiveCfg = Debug|Any CPU
		{A23AD31B-947C-4206-97CC-B8FBFB52CC3B}.Debug|Any CPU.Build.0 = Debug|Any CPU
		{A23AD31B-947C-4206-97CC-B8FBFB52CC3B}.Release|Any CPU.ActiveCfg = Release|Any CPU
		{A23AD31B-947C-4206-97CC-B8FBFB52CC3B}.Release|Any CPU.Build.0 = Release|Any CPU
	EndGlobalSection
	GlobalSection(SolutionProperties) = preSolution
		HideSolutionNode = FALSE
	EndGlobalSection
	GlobalSection(ExtensibilityGlobals) = postSolution
		SolutionGuid = {2AD1B6A8-1247-4F4A-8D46-0C529F69C95B}
	EndGlobalSection
EndGlobal
